// !$*UTF8*$!
{
	archiveVersion = 1;
	classes = {
	};
	objectVersion = 55;
	objects = {

/* Begin PBXBuildFile section */
		2008CF7A28478BC3004F09E5 /* PlayerBar.swift in Sources */ = {isa = PBXBuildFile; fileRef = 2008CF7928478BC3004F09E5 /* PlayerBar.swift */; };
		201C6BD028263D7400195179 /* GoogleService-Info.plist in Resources */ = {isa = PBXBuildFile; fileRef = 201C6BCF28263D7400195179 /* GoogleService-Info.plist */; };
		2037DF942826557C00F43B11 /* FirebaseAnalytics+.swift in Sources */ = {isa = PBXBuildFile; fileRef = 2037DF932826557C00F43B11 /* FirebaseAnalytics+.swift */; };
		2037DF9628265C8600F43B11 /* Timeout.swift in Sources */ = {isa = PBXBuildFile; fileRef = 2037DF9528265C8600F43B11 /* Timeout.swift */; };
		2037DF9A2828A07900F43B11 /* Crashlytics+.swift in Sources */ = {isa = PBXBuildFile; fileRef = 2037DF992828A07900F43B11 /* Crashlytics+.swift */; };
		203A88C32823FF3A00B4C12C /* AsyncButton.swift in Sources */ = {isa = PBXBuildFile; fileRef = 203A88C22823FF3A00B4C12C /* AsyncButton.swift */; };
		204B25F7297BCF1E000DCAF7 /* Async in Frameworks */ = {isa = PBXBuildFile; productRef = 204B25F6297BCF1E000DCAF7 /* Async */; };
		204B25FB297D00CF000DCAF7 /* Synthesizer.swift in Sources */ = {isa = PBXBuildFile; fileRef = 204B25FA297D00CF000DCAF7 /* Synthesizer.swift */; };
		204B2600297D5E93000DCAF7 /* DownloadButton.swift in Sources */ = {isa = PBXBuildFile; fileRef = 204B25FF297D5E93000DCAF7 /* DownloadButton.swift */; };
		204B2602297D626E000DCAF7 /* HTMLBodyDownloader.swift in Sources */ = {isa = PBXBuildFile; fileRef = 204B2601297D626E000DCAF7 /* HTMLBodyDownloader.swift */; };
		204B2604297EBA29000DCAF7 /* AVAudioFile+.swift in Sources */ = {isa = PBXBuildFile; fileRef = 204B2603297EBA29000DCAF7 /* AVAudioFile+.swift */; };
		204B2607297FDD33000DCAF7 /* PlayButton.swift in Sources */ = {isa = PBXBuildFile; fileRef = 204B2606297FDD33000DCAF7 /* PlayButton.swift */; };
		204B2609297FDEC8000DCAF7 /* PauseButton.swift in Sources */ = {isa = PBXBuildFile; fileRef = 204B2608297FDEC8000DCAF7 /* PauseButton.swift */; };
		204B260B2980A9BE000DCAF7 /* Error+.swift in Sources */ = {isa = PBXBuildFile; fileRef = 204B260A2980A9BE000DCAF7 /* Error+.swift */; };
		20884DFD28223419008388AE /* ArticleRowLayout.swift in Sources */ = {isa = PBXBuildFile; fileRef = 20884DFC28223419008388AE /* ArticleRowLayout.swift */; };
		20884DFF28223644008388AE /* MediumArticle.swift in Sources */ = {isa = PBXBuildFile; fileRef = 20884DFE28223644008388AE /* MediumArticle.swift */; };
		20CE8F8E2840ED7B0035D4E3 /* AppOtherSettingPage.swift in Sources */ = {isa = PBXBuildFile; fileRef = 20CE8F8D2840ED7B0035D4E3 /* AppOtherSettingPage.swift */; };
		20CE8F92284102180035D4E3 /* WebView.swift in Sources */ = {isa = PBXBuildFile; fileRef = 20CE8F91284102180035D4E3 /* WebView.swift */; };
		20CE8F9428410A820035D4E3 /* AppPreview.swift in Sources */ = {isa = PBXBuildFile; fileRef = 20CE8F9328410A820035D4E3 /* AppPreview.swift */; };
		20D9D12B2AE641C80012D688 /* FirebaseAnalytics in Frameworks */ = {isa = PBXBuildFile; productRef = 20D9D12A2AE641C80012D688 /* FirebaseAnalytics */; };
		20D9D12D2AE641C80012D688 /* FirebaseAnalyticsSwift in Frameworks */ = {isa = PBXBuildFile; productRef = 20D9D12C2AE641C80012D688 /* FirebaseAnalyticsSwift */; };
		20D9D12F2AE641C80012D688 /* FirebaseAuth in Frameworks */ = {isa = PBXBuildFile; productRef = 20D9D12E2AE641C80012D688 /* FirebaseAuth */; };
		20D9D1312AE641C80012D688 /* FirebaseCrashlytics in Frameworks */ = {isa = PBXBuildFile; productRef = 20D9D1302AE641C80012D688 /* FirebaseCrashlytics */; };
		20D9D1332AE641C80012D688 /* FirebaseFirestore in Frameworks */ = {isa = PBXBuildFile; productRef = 20D9D1322AE641C80012D688 /* FirebaseFirestore */; };
		20D9D1352AE641C80012D688 /* FirebaseFirestoreSwift in Frameworks */ = {isa = PBXBuildFile; productRef = 20D9D1342AE641C80012D688 /* FirebaseFirestoreSwift */; };
		20D9D1372AE641C80012D688 /* FirebaseFunctions in Frameworks */ = {isa = PBXBuildFile; productRef = 20D9D1362AE641C80012D688 /* FirebaseFunctions */; };
		20E7069728238CEB00DF824F /* NavigationLink.swift in Sources */ = {isa = PBXBuildFile; fileRef = 20E7069628238CEB00DF824F /* NavigationLink.swift */; };
		20EAD3C4282295F100B15D8E /* UISlider+.swift in Sources */ = {isa = PBXBuildFile; fileRef = 20EAD3C3282295F100B15D8E /* UISlider+.swift */; };
		20FF78C8281F4C53001D062E /* YomiageApp.swift in Sources */ = {isa = PBXBuildFile; fileRef = 20FF78C7281F4C53001D062E /* YomiageApp.swift */; };
		20FF78CA281F4C53001D062E /* RootView.swift in Sources */ = {isa = PBXBuildFile; fileRef = 20FF78C9281F4C53001D062E /* RootView.swift */; };
		20FF78CC281F4C53001D062E /* Assets.xcassets in Resources */ = {isa = PBXBuildFile; fileRef = 20FF78CB281F4C53001D062E /* Assets.xcassets */; };
		20FF78CF281F4C53001D062E /* Preview Assets.xcassets in Resources */ = {isa = PBXBuildFile; fileRef = 20FF78CE281F4C53001D062E /* Preview Assets.xcassets */; };
		20FF78D9281F4C54001D062E /* YomiageTests.swift in Sources */ = {isa = PBXBuildFile; fileRef = 20FF78D8281F4C54001D062E /* YomiageTests.swift */; };
		20FF78E3281F4C54001D062E /* YomiageUITests.swift in Sources */ = {isa = PBXBuildFile; fileRef = 20FF78E2281F4C54001D062E /* YomiageUITests.swift */; };
		20FF78E5281F4C54001D062E /* YomiageUITestsLaunchTests.swift in Sources */ = {isa = PBXBuildFile; fileRef = 20FF78E4281F4C54001D062E /* YomiageUITestsLaunchTests.swift */; };
		20FF78F3281F4C63001D062E /* ArticlesPage.swift in Sources */ = {isa = PBXBuildFile; fileRef = 20FF78F2281F4C63001D062E /* ArticlesPage.swift */; };
		20FF78F6281F4D40001D062E /* Article.swift in Sources */ = {isa = PBXBuildFile; fileRef = 20FF78F5281F4D40001D062E /* Article.swift */; };
		20FF78FD281F4F0B001D062E /* AppDelegate.swift in Sources */ = {isa = PBXBuildFile; fileRef = 20FF78FC281F4F0B001D062E /* AppDelegate.swift */; };
		20FF7913281F7686001D062E /* UserDatabase.swift in Sources */ = {isa = PBXBuildFile; fileRef = 20FF7912281F7686001D062E /* UserDatabase.swift */; };
		20FF7919281F77CF001D062E /* ArticleDatastore.swift in Sources */ = {isa = PBXBuildFile; fileRef = 20FF7918281F77CF001D062E /* ArticleDatastore.swift */; };
		20FF791C281F868A001D062E /* StreamView.swift in Sources */ = {isa = PBXBuildFile; fileRef = 20FF791B281F868A001D062E /* StreamView.swift */; };
		20FF791E281F878A001D062E /* UniversalErrorView.swift in Sources */ = {isa = PBXBuildFile; fileRef = 20FF791D281F878A001D062E /* UniversalErrorView.swift */; };
		20FF7920281F8847001D062E /* Button.swift in Sources */ = {isa = PBXBuildFile; fileRef = 20FF791F281F8847001D062E /* Button.swift */; };
		20FF7923281F8950001D062E /* Color.swift in Sources */ = {isa = PBXBuildFile; fileRef = 20FF7922281F8950001D062E /* Color.swift */; };
		20FF7929281FAB02001D062E /* Sheet.swift in Sources */ = {isa = PBXBuildFile; fileRef = 20FF7928281FAB02001D062E /* Sheet.swift */; };
		20FF792C281FAD25001D062E /* SheetPresentation.swift in Sources */ = {isa = PBXBuildFile; fileRef = 20FF792B281FAD25001D062E /* SheetPresentation.swift */; };
		20FF7930281FAF2F001D062E /* AddArticleSheet.swift in Sources */ = {isa = PBXBuildFile; fileRef = 20FF792F281FAF2F001D062E /* AddArticleSheet.swift */; };
		20FF7932281FB4CB001D062E /* AddArticleHTMLLoader.swift in Sources */ = {isa = PBXBuildFile; fileRef = 20FF7931281FB4CB001D062E /* AddArticleHTMLLoader.swift */; };
		20FF7934281FB7EC001D062E /* Screen.swift in Sources */ = {isa = PBXBuildFile; fileRef = 20FF7933281FB7EC001D062E /* Screen.swift */; };
		20FF7938281FB869001D062E /* Auth.swift in Sources */ = {isa = PBXBuildFile; fileRef = 20FF7937281FB869001D062E /* Auth.swift */; };
		20FF793F281FC321001D062E /* Kanna in Frameworks */ = {isa = PBXBuildFile; productRef = 20FF793E281FC321001D062E /* Kanna */; };
		20FF7941281FC369001D062E /* LoadWebView.swift in Sources */ = {isa = PBXBuildFile; fileRef = 20FF7940281FC369001D062E /* LoadWebView.swift */; };
		20FF7944281FF967001D062E /* String+.swift in Sources */ = {isa = PBXBuildFile; fileRef = 20FF7943281FF967001D062E /* String+.swift */; };
		20FF7946281FFCE1001D062E /* HUD.swift in Sources */ = {isa = PBXBuildFile; fileRef = 20FF7945281FFCE1001D062E /* HUD.swift */; };
		20FF7948281FFF15001D062E /* ErrorAlert.swift in Sources */ = {isa = PBXBuildFile; fileRef = 20FF7947281FFF15001D062E /* ErrorAlert.swift */; };
		20FF794A282094D0001D062E /* Spacer.swift in Sources */ = {isa = PBXBuildFile; fileRef = 20FF7949282094D0001D062E /* Spacer.swift */; };
		20FF794F2820DB28001D062E /* PlayerSettingSheet.swift in Sources */ = {isa = PBXBuildFile; fileRef = 20FF794E2820DB28001D062E /* PlayerSettingSheet.swift */; };
		20FF79512820DB75001D062E /* AppStorage+.swift in Sources */ = {isa = PBXBuildFile; fileRef = 20FF79502820DB75001D062E /* AppStorage+.swift */; };
		20FF79532820DCD7001D062E /* Player.swift in Sources */ = {isa = PBXBuildFile; fileRef = 20FF79522820DCD7001D062E /* Player.swift */; };
		20FF79562820FEE2001D062E /* MediumSheetLayout.swift in Sources */ = {isa = PBXBuildFile; fileRef = 20FF79552820FEE2001D062E /* MediumSheetLayout.swift */; };
		20FF795B2821E5B3001D062E /* ArticleWebView.swift in Sources */ = {isa = PBXBuildFile; fileRef = 20FF795A2821E5B3001D062E /* ArticleWebView.swift */; };
		20FF795D2821EE88001D062E /* NoteArticle.swift in Sources */ = {isa = PBXBuildFile; fileRef = 20FF795C2821EE88001D062E /* NoteArticle.swift */; };
		20FF795F28220344001D062E /* UINavigationBar+.swift in Sources */ = {isa = PBXBuildFile; fileRef = 20FF795E28220344001D062E /* UINavigationBar+.swift */; };
/* End PBXBuildFile section */

/* Begin PBXContainerItemProxy section */
		20FF78D5281F4C54001D062E /* PBXContainerItemProxy */ = {
			isa = PBXContainerItemProxy;
			containerPortal = 20FF78BC281F4C53001D062E /* Project object */;
			proxyType = 1;
			remoteGlobalIDString = 20FF78C3281F4C53001D062E;
			remoteInfo = Yomiage;
		};
		20FF78DF281F4C54001D062E /* PBXContainerItemProxy */ = {
			isa = PBXContainerItemProxy;
			containerPortal = 20FF78BC281F4C53001D062E /* Project object */;
			proxyType = 1;
			remoteGlobalIDString = 20FF78C3281F4C53001D062E;
			remoteInfo = Yomiage;
		};
/* End PBXContainerItemProxy section */

/* Begin PBXFileReference section */
		2008CF7928478BC3004F09E5 /* PlayerBar.swift */ = {isa = PBXFileReference; lastKnownFileType = sourcecode.swift; path = PlayerBar.swift; sourceTree = "<group>"; };
		201C6BC828253C0200195179 /* Base.xcconfig */ = {isa = PBXFileReference; lastKnownFileType = text.xcconfig; path = Base.xcconfig; sourceTree = "<group>"; };
		201C6BC928253C1100195179 /* Development.xcconfig */ = {isa = PBXFileReference; lastKnownFileType = text.xcconfig; path = Development.xcconfig; sourceTree = "<group>"; };
		201C6BCA28253C1900195179 /* Production.xcconfig */ = {isa = PBXFileReference; lastKnownFileType = text.xcconfig; path = Production.xcconfig; sourceTree = "<group>"; };
		201C6BCD2825411D00195179 /* Release.xcconfig */ = {isa = PBXFileReference; lastKnownFileType = text.xcconfig; path = Release.xcconfig; sourceTree = "<group>"; };
		201C6BCE2825412300195179 /* Debug.xcconfig */ = {isa = PBXFileReference; lastKnownFileType = text.xcconfig; path = Debug.xcconfig; sourceTree = "<group>"; };
		201C6BCF28263D7400195179 /* GoogleService-Info.plist */ = {isa = PBXFileReference; fileEncoding = 4; lastKnownFileType = text.plist.xml; path = "GoogleService-Info.plist"; sourceTree = "<group>"; };
		2037DF932826557C00F43B11 /* FirebaseAnalytics+.swift */ = {isa = PBXFileReference; lastKnownFileType = sourcecode.swift; path = "FirebaseAnalytics+.swift"; sourceTree = "<group>"; };
		2037DF9528265C8600F43B11 /* Timeout.swift */ = {isa = PBXFileReference; lastKnownFileType = sourcecode.swift; path = Timeout.swift; sourceTree = "<group>"; };
		2037DF992828A07900F43B11 /* Crashlytics+.swift */ = {isa = PBXFileReference; lastKnownFileType = sourcecode.swift; path = "Crashlytics+.swift"; sourceTree = "<group>"; };
		203A88C22823FF3A00B4C12C /* AsyncButton.swift */ = {isa = PBXFileReference; lastKnownFileType = sourcecode.swift; path = AsyncButton.swift; sourceTree = "<group>"; };
		204B25FA297D00CF000DCAF7 /* Synthesizer.swift */ = {isa = PBXFileReference; lastKnownFileType = sourcecode.swift; path = Synthesizer.swift; sourceTree = "<group>"; };
		204B25FF297D5E93000DCAF7 /* DownloadButton.swift */ = {isa = PBXFileReference; lastKnownFileType = sourcecode.swift; path = DownloadButton.swift; sourceTree = "<group>"; };
		204B2601297D626E000DCAF7 /* HTMLBodyDownloader.swift */ = {isa = PBXFileReference; lastKnownFileType = sourcecode.swift; path = HTMLBodyDownloader.swift; sourceTree = "<group>"; };
		204B2603297EBA29000DCAF7 /* AVAudioFile+.swift */ = {isa = PBXFileReference; lastKnownFileType = sourcecode.swift; path = "AVAudioFile+.swift"; sourceTree = "<group>"; };
		204B2606297FDD33000DCAF7 /* PlayButton.swift */ = {isa = PBXFileReference; lastKnownFileType = sourcecode.swift; path = PlayButton.swift; sourceTree = "<group>"; };
		204B2608297FDEC8000DCAF7 /* PauseButton.swift */ = {isa = PBXFileReference; lastKnownFileType = sourcecode.swift; path = PauseButton.swift; sourceTree = "<group>"; };
		204B260A2980A9BE000DCAF7 /* Error+.swift */ = {isa = PBXFileReference; lastKnownFileType = sourcecode.swift; path = "Error+.swift"; sourceTree = "<group>"; };
		20884DFC28223419008388AE /* ArticleRowLayout.swift */ = {isa = PBXFileReference; lastKnownFileType = sourcecode.swift; path = ArticleRowLayout.swift; sourceTree = "<group>"; };
		20884DFE28223644008388AE /* MediumArticle.swift */ = {isa = PBXFileReference; lastKnownFileType = sourcecode.swift; path = MediumArticle.swift; sourceTree = "<group>"; };
		20884E002822578A008388AE /* Info.plist */ = {isa = PBXFileReference; lastKnownFileType = text.plist.xml; path = Info.plist; sourceTree = "<group>"; };
		20CE8F8D2840ED7B0035D4E3 /* AppOtherSettingPage.swift */ = {isa = PBXFileReference; lastKnownFileType = sourcecode.swift; path = AppOtherSettingPage.swift; sourceTree = "<group>"; };
		20CE8F91284102180035D4E3 /* WebView.swift */ = {isa = PBXFileReference; lastKnownFileType = sourcecode.swift; path = WebView.swift; sourceTree = "<group>"; };
		20CE8F9328410A820035D4E3 /* AppPreview.swift */ = {isa = PBXFileReference; lastKnownFileType = sourcecode.swift; path = AppPreview.swift; sourceTree = "<group>"; };
		20E7069628238CEB00DF824F /* NavigationLink.swift */ = {isa = PBXFileReference; lastKnownFileType = sourcecode.swift; path = NavigationLink.swift; sourceTree = "<group>"; };
		20EAD3C3282295F100B15D8E /* UISlider+.swift */ = {isa = PBXFileReference; lastKnownFileType = sourcecode.swift; path = "UISlider+.swift"; sourceTree = "<group>"; };
		20FF78C4281F4C53001D062E /* Yomiage.app */ = {isa = PBXFileReference; explicitFileType = wrapper.application; includeInIndex = 0; path = Yomiage.app; sourceTree = BUILT_PRODUCTS_DIR; };
		20FF78C7281F4C53001D062E /* YomiageApp.swift */ = {isa = PBXFileReference; lastKnownFileType = sourcecode.swift; path = YomiageApp.swift; sourceTree = "<group>"; };
		20FF78C9281F4C53001D062E /* RootView.swift */ = {isa = PBXFileReference; lastKnownFileType = sourcecode.swift; path = RootView.swift; sourceTree = "<group>"; };
		20FF78CB281F4C53001D062E /* Assets.xcassets */ = {isa = PBXFileReference; lastKnownFileType = folder.assetcatalog; path = Assets.xcassets; sourceTree = "<group>"; };
		20FF78CE281F4C53001D062E /* Preview Assets.xcassets */ = {isa = PBXFileReference; lastKnownFileType = folder.assetcatalog; path = "Preview Assets.xcassets"; sourceTree = "<group>"; };
		20FF78D4281F4C54001D062E /* YomiageTests.xctest */ = {isa = PBXFileReference; explicitFileType = wrapper.cfbundle; includeInIndex = 0; path = YomiageTests.xctest; sourceTree = BUILT_PRODUCTS_DIR; };
		20FF78D8281F4C54001D062E /* YomiageTests.swift */ = {isa = PBXFileReference; lastKnownFileType = sourcecode.swift; path = YomiageTests.swift; sourceTree = "<group>"; };
		20FF78DE281F4C54001D062E /* YomiageUITests.xctest */ = {isa = PBXFileReference; explicitFileType = wrapper.cfbundle; includeInIndex = 0; path = YomiageUITests.xctest; sourceTree = BUILT_PRODUCTS_DIR; };
		20FF78E2281F4C54001D062E /* YomiageUITests.swift */ = {isa = PBXFileReference; lastKnownFileType = sourcecode.swift; path = YomiageUITests.swift; sourceTree = "<group>"; };
		20FF78E4281F4C54001D062E /* YomiageUITestsLaunchTests.swift */ = {isa = PBXFileReference; lastKnownFileType = sourcecode.swift; path = YomiageUITestsLaunchTests.swift; sourceTree = "<group>"; };
		20FF78F2281F4C63001D062E /* ArticlesPage.swift */ = {isa = PBXFileReference; lastKnownFileType = sourcecode.swift; path = ArticlesPage.swift; sourceTree = "<group>"; };
		20FF78F5281F4D40001D062E /* Article.swift */ = {isa = PBXFileReference; lastKnownFileType = sourcecode.swift; path = Article.swift; sourceTree = "<group>"; };
		20FF78FC281F4F0B001D062E /* AppDelegate.swift */ = {isa = PBXFileReference; lastKnownFileType = sourcecode.swift; path = AppDelegate.swift; sourceTree = "<group>"; };
		20FF7912281F7686001D062E /* UserDatabase.swift */ = {isa = PBXFileReference; lastKnownFileType = sourcecode.swift; path = UserDatabase.swift; sourceTree = "<group>"; };
		20FF7918281F77CF001D062E /* ArticleDatastore.swift */ = {isa = PBXFileReference; lastKnownFileType = sourcecode.swift; path = ArticleDatastore.swift; sourceTree = "<group>"; };
		20FF791B281F868A001D062E /* StreamView.swift */ = {isa = PBXFileReference; lastKnownFileType = sourcecode.swift; path = StreamView.swift; sourceTree = "<group>"; };
		20FF791D281F878A001D062E /* UniversalErrorView.swift */ = {isa = PBXFileReference; lastKnownFileType = sourcecode.swift; path = UniversalErrorView.swift; sourceTree = "<group>"; };
		20FF791F281F8847001D062E /* Button.swift */ = {isa = PBXFileReference; lastKnownFileType = sourcecode.swift; path = Button.swift; sourceTree = "<group>"; };
		20FF7922281F8950001D062E /* Color.swift */ = {isa = PBXFileReference; lastKnownFileType = sourcecode.swift; path = Color.swift; sourceTree = "<group>"; };
		20FF7928281FAB02001D062E /* Sheet.swift */ = {isa = PBXFileReference; lastKnownFileType = sourcecode.swift; path = Sheet.swift; sourceTree = "<group>"; };
		20FF792B281FAD25001D062E /* SheetPresentation.swift */ = {isa = PBXFileReference; lastKnownFileType = sourcecode.swift; path = SheetPresentation.swift; sourceTree = "<group>"; };
		20FF792F281FAF2F001D062E /* AddArticleSheet.swift */ = {isa = PBXFileReference; lastKnownFileType = sourcecode.swift; path = AddArticleSheet.swift; sourceTree = "<group>"; };
		20FF7931281FB4CB001D062E /* AddArticleHTMLLoader.swift */ = {isa = PBXFileReference; lastKnownFileType = sourcecode.swift; path = AddArticleHTMLLoader.swift; sourceTree = "<group>"; };
		20FF7933281FB7EC001D062E /* Screen.swift */ = {isa = PBXFileReference; lastKnownFileType = sourcecode.swift; path = Screen.swift; sourceTree = "<group>"; };
		20FF7937281FB869001D062E /* Auth.swift */ = {isa = PBXFileReference; lastKnownFileType = sourcecode.swift; path = Auth.swift; sourceTree = "<group>"; };
		20FF7940281FC369001D062E /* LoadWebView.swift */ = {isa = PBXFileReference; lastKnownFileType = sourcecode.swift; path = LoadWebView.swift; sourceTree = "<group>"; };
		20FF7943281FF967001D062E /* String+.swift */ = {isa = PBXFileReference; lastKnownFileType = sourcecode.swift; path = "String+.swift"; sourceTree = "<group>"; };
		20FF7945281FFCE1001D062E /* HUD.swift */ = {isa = PBXFileReference; lastKnownFileType = sourcecode.swift; path = HUD.swift; sourceTree = "<group>"; };
		20FF7947281FFF15001D062E /* ErrorAlert.swift */ = {isa = PBXFileReference; lastKnownFileType = sourcecode.swift; path = ErrorAlert.swift; sourceTree = "<group>"; };
		20FF7949282094D0001D062E /* Spacer.swift */ = {isa = PBXFileReference; lastKnownFileType = sourcecode.swift; path = Spacer.swift; sourceTree = "<group>"; };
		20FF794E2820DB28001D062E /* PlayerSettingSheet.swift */ = {isa = PBXFileReference; lastKnownFileType = sourcecode.swift; path = PlayerSettingSheet.swift; sourceTree = "<group>"; };
		20FF79502820DB75001D062E /* AppStorage+.swift */ = {isa = PBXFileReference; lastKnownFileType = sourcecode.swift; path = "AppStorage+.swift"; sourceTree = "<group>"; };
		20FF79522820DCD7001D062E /* Player.swift */ = {isa = PBXFileReference; lastKnownFileType = sourcecode.swift; path = Player.swift; sourceTree = "<group>"; };
		20FF79552820FEE2001D062E /* MediumSheetLayout.swift */ = {isa = PBXFileReference; lastKnownFileType = sourcecode.swift; path = MediumSheetLayout.swift; sourceTree = "<group>"; };
		20FF795A2821E5B3001D062E /* ArticleWebView.swift */ = {isa = PBXFileReference; lastKnownFileType = sourcecode.swift; path = ArticleWebView.swift; sourceTree = "<group>"; };
		20FF795C2821EE88001D062E /* NoteArticle.swift */ = {isa = PBXFileReference; lastKnownFileType = sourcecode.swift; path = NoteArticle.swift; sourceTree = "<group>"; };
		20FF795E28220344001D062E /* UINavigationBar+.swift */ = {isa = PBXFileReference; lastKnownFileType = sourcecode.swift; path = "UINavigationBar+.swift"; sourceTree = "<group>"; };
/* End PBXFileReference section */

/* Begin PBXFrameworksBuildPhase section */
		20FF78C1281F4C53001D062E /* Frameworks */ = {
			isa = PBXFrameworksBuildPhase;
			buildActionMask = 2147483647;
			files = (
				20D9D12D2AE641C80012D688 /* FirebaseAnalyticsSwift in Frameworks */,
				20D9D12F2AE641C80012D688 /* FirebaseAuth in Frameworks */,
				204B25F7297BCF1E000DCAF7 /* Async in Frameworks */,
				20D9D1372AE641C80012D688 /* FirebaseFunctions in Frameworks */,
				20D9D1312AE641C80012D688 /* FirebaseCrashlytics in Frameworks */,
				20FF793F281FC321001D062E /* Kanna in Frameworks */,
				20D9D12B2AE641C80012D688 /* FirebaseAnalytics in Frameworks */,
				20D9D1332AE641C80012D688 /* FirebaseFirestore in Frameworks */,
				20D9D1352AE641C80012D688 /* FirebaseFirestoreSwift in Frameworks */,
			);
			runOnlyForDeploymentPostprocessing = 0;
		};
		20FF78D1281F4C54001D062E /* Frameworks */ = {
			isa = PBXFrameworksBuildPhase;
			buildActionMask = 2147483647;
			files = (
			);
			runOnlyForDeploymentPostprocessing = 0;
		};
		20FF78DB281F4C54001D062E /* Frameworks */ = {
			isa = PBXFrameworksBuildPhase;
			buildActionMask = 2147483647;
			files = (
			);
			runOnlyForDeploymentPostprocessing = 0;
		};
/* End PBXFrameworksBuildPhase section */

/* Begin PBXGroup section */
		201C6BC52825378D00195179 /* Config */ = {
			isa = PBXGroup;
			children = (
				201C6BC828253C0200195179 /* Base.xcconfig */,
				201C6BC928253C1100195179 /* Development.xcconfig */,
				201C6BCA28253C1900195179 /* Production.xcconfig */,
				201C6BCD2825411D00195179 /* Release.xcconfig */,
				201C6BCE2825412300195179 /* Debug.xcconfig */,
			);
			path = Config;
			sourceTree = "<group>";
		};
		2037DF9028264F1900F43B11 /* AppOtherSetting */ = {
			isa = PBXGroup;
			children = (
				20CE8F8D2840ED7B0035D4E3 /* AppOtherSettingPage.swift */,
			);
			path = AppOtherSetting;
			sourceTree = "<group>";
		};
		203A88BB2823A92C00B4C12C /* Player */ = {
			isa = PBXGroup;
			children = (
				20FF79522820DCD7001D062E /* Player.swift */,
				2008CF7928478BC3004F09E5 /* PlayerBar.swift */,
				20FF794E2820DB28001D062E /* PlayerSettingSheet.swift */,
				204B2606297FDD33000DCAF7 /* PlayButton.swift */,
				204B2608297FDEC8000DCAF7 /* PauseButton.swift */,
			);
			path = Player;
			sourceTree = "<group>";
		};
		204B25F9297D00C2000DCAF7 /* Download */ = {
			isa = PBXGroup;
			children = (
				20FF7940281FC369001D062E /* LoadWebView.swift */,
				204B25FA297D00CF000DCAF7 /* Synthesizer.swift */,
				204B25FF297D5E93000DCAF7 /* DownloadButton.swift */,
				204B2601297D626E000DCAF7 /* HTMLBodyDownloader.swift */,
			);
			path = Download;
			sourceTree = "<group>";
		};
		20FF78BB281F4C53001D062E = {
			isa = PBXGroup;
			children = (
				20FF78C6281F4C53001D062E /* Yomiage */,
				20FF78D7281F4C54001D062E /* YomiageTests */,
				20FF78E1281F4C54001D062E /* YomiageUITests */,
				20FF78C5281F4C53001D062E /* Products */,
				20FF790A281F7472001D062E /* Frameworks */,
			);
			indentWidth = 2;
			sourceTree = "<group>";
			tabWidth = 2;
		};
		20FF78C5281F4C53001D062E /* Products */ = {
			isa = PBXGroup;
			children = (
				20FF78C4281F4C53001D062E /* Yomiage.app */,
				20FF78D4281F4C54001D062E /* YomiageTests.xctest */,
				20FF78DE281F4C54001D062E /* YomiageUITests.xctest */,
			);
			name = Products;
			sourceTree = "<group>";
		};
		20FF78C6281F4C53001D062E /* Yomiage */ = {
			isa = PBXGroup;
			children = (
				20884E002822578A008388AE /* Info.plist */,
				201C6BC52825378D00195179 /* Config */,
				20FF79542820FED4001D062E /* Layout */,
				20FF7942281FF95F001D062E /* StdLib */,
				20FF7935281FB84F001D062E /* Services */,
				20FF792D281FAF1B001D062E /* Features */,
				20FF792A281FAD15001D062E /* Modifier */,
				20FF7921281F8948001D062E /* Style */,
				20FF791A281F8682001D062E /* Component */,
				20FF7914281F77B7001D062E /* Datastore */,
				20FF78F7281F4E8A001D062E /* Firebase */,
				20FF78F4281F4D3C001D062E /* Entity */,
				20FF78C7281F4C53001D062E /* YomiageApp.swift */,
				20FF78C9281F4C53001D062E /* RootView.swift */,
				20FF7933281FB7EC001D062E /* Screen.swift */,
				20FF78CB281F4C53001D062E /* Assets.xcassets */,
				20FF78CD281F4C53001D062E /* Preview Content */,
				20FF78FC281F4F0B001D062E /* AppDelegate.swift */,
			);
			path = Yomiage;
			sourceTree = "<group>";
		};
		20FF78CD281F4C53001D062E /* Preview Content */ = {
			isa = PBXGroup;
			children = (
				20FF78CE281F4C53001D062E /* Preview Assets.xcassets */,
				20CE8F9328410A820035D4E3 /* AppPreview.swift */,
			);
			path = "Preview Content";
			sourceTree = "<group>";
		};
		20FF78D7281F4C54001D062E /* YomiageTests */ = {
			isa = PBXGroup;
			children = (
				20FF78D8281F4C54001D062E /* YomiageTests.swift */,
			);
			path = YomiageTests;
			sourceTree = "<group>";
		};
		20FF78E1281F4C54001D062E /* YomiageUITests */ = {
			isa = PBXGroup;
			children = (
				20FF78E2281F4C54001D062E /* YomiageUITests.swift */,
				20FF78E4281F4C54001D062E /* YomiageUITestsLaunchTests.swift */,
			);
			path = YomiageUITests;
			sourceTree = "<group>";
		};
		20FF78F1281F4C5E001D062E /* Articles */ = {
			isa = PBXGroup;
			children = (
				20FF78F2281F4C63001D062E /* ArticlesPage.swift */,
				20FF795C2821EE88001D062E /* NoteArticle.swift */,
				20884DFE28223644008388AE /* MediumArticle.swift */,
				20884DFC28223419008388AE /* ArticleRowLayout.swift */,
				20FF795A2821E5B3001D062E /* ArticleWebView.swift */,
			);
			path = Articles;
			sourceTree = "<group>";
		};
		20FF78F4281F4D3C001D062E /* Entity */ = {
			isa = PBXGroup;
			children = (
				20FF78F5281F4D40001D062E /* Article.swift */,
			);
			path = Entity;
			sourceTree = "<group>";
		};
		20FF78F7281F4E8A001D062E /* Firebase */ = {
			isa = PBXGroup;
			children = (
				201C6BCF28263D7400195179 /* GoogleService-Info.plist */,
			);
			path = Firebase;
			sourceTree = "<group>";
		};
		20FF790A281F7472001D062E /* Frameworks */ = {
			isa = PBXGroup;
			children = (
			);
			name = Frameworks;
			sourceTree = "<group>";
		};
		20FF7914281F77B7001D062E /* Datastore */ = {
			isa = PBXGroup;
			children = (
				20FF7912281F7686001D062E /* UserDatabase.swift */,
				20FF7918281F77CF001D062E /* ArticleDatastore.swift */,
			);
			path = Datastore;
			sourceTree = "<group>";
		};
		20FF791A281F8682001D062E /* Component */ = {
			isa = PBXGroup;
			children = (
				20FF791B281F868A001D062E /* StreamView.swift */,
				20FF791D281F878A001D062E /* UniversalErrorView.swift */,
				203A88C22823FF3A00B4C12C /* AsyncButton.swift */,
				20E7069628238CEB00DF824F /* NavigationLink.swift */,
				20FF7928281FAB02001D062E /* Sheet.swift */,
				20FF7945281FFCE1001D062E /* HUD.swift */,
				20FF7949282094D0001D062E /* Spacer.swift */,
				20CE8F91284102180035D4E3 /* WebView.swift */,
			);
			path = Component;
			sourceTree = "<group>";
		};
		20FF7921281F8948001D062E /* Style */ = {
			isa = PBXGroup;
			children = (
				20FF791F281F8847001D062E /* Button.swift */,
				20FF7922281F8950001D062E /* Color.swift */,
			);
			path = Style;
			sourceTree = "<group>";
		};
		20FF792A281FAD15001D062E /* Modifier */ = {
			isa = PBXGroup;
			children = (
				20FF792B281FAD25001D062E /* SheetPresentation.swift */,
				20FF7947281FFF15001D062E /* ErrorAlert.swift */,
			);
			path = Modifier;
			sourceTree = "<group>";
		};
		20FF792D281FAF1B001D062E /* Features */ = {
			isa = PBXGroup;
			children = (
				204B25F9297D00C2000DCAF7 /* Download */,
				2037DF9028264F1900F43B11 /* AppOtherSetting */,
				203A88BB2823A92C00B4C12C /* Player */,
				20FF792E281FAF28001D062E /* AddArticle */,
				20FF78F1281F4C5E001D062E /* Articles */,
			);
			path = Features;
			sourceTree = "<group>";
		};
		20FF792E281FAF28001D062E /* AddArticle */ = {
			isa = PBXGroup;
			children = (
				20FF792F281FAF2F001D062E /* AddArticleSheet.swift */,
				20FF7931281FB4CB001D062E /* AddArticleHTMLLoader.swift */,
			);
			path = AddArticle;
			sourceTree = "<group>";
		};
		20FF7935281FB84F001D062E /* Services */ = {
			isa = PBXGroup;
			children = (
				20FF7936281FB862001D062E /* Auth */,
			);
			path = Services;
			sourceTree = "<group>";
		};
		20FF7936281FB862001D062E /* Auth */ = {
			isa = PBXGroup;
			children = (
				20FF7937281FB869001D062E /* Auth.swift */,
			);
			path = Auth;
			sourceTree = "<group>";
		};
		20FF7942281FF95F001D062E /* StdLib */ = {
			isa = PBXGroup;
			children = (
				20FF79502820DB75001D062E /* AppStorage+.swift */,
				20FF7943281FF967001D062E /* String+.swift */,
				20FF795E28220344001D062E /* UINavigationBar+.swift */,
				20EAD3C3282295F100B15D8E /* UISlider+.swift */,
				2037DF932826557C00F43B11 /* FirebaseAnalytics+.swift */,
				2037DF992828A07900F43B11 /* Crashlytics+.swift */,
				2037DF9528265C8600F43B11 /* Timeout.swift */,
				204B2603297EBA29000DCAF7 /* AVAudioFile+.swift */,
				204B260A2980A9BE000DCAF7 /* Error+.swift */,
			);
			path = StdLib;
			sourceTree = "<group>";
		};
		20FF79542820FED4001D062E /* Layout */ = {
			isa = PBXGroup;
			children = (
				20FF79552820FEE2001D062E /* MediumSheetLayout.swift */,
			);
			path = Layout;
			sourceTree = "<group>";
		};
/* End PBXGroup section */

/* Begin PBXNativeTarget section */
		20FF78C3281F4C53001D062E /* Yomiage */ = {
			isa = PBXNativeTarget;
			buildConfigurationList = 20FF78E8281F4C54001D062E /* Build configuration list for PBXNativeTarget "Yomiage" */;
			buildPhases = (
				20FF78C0281F4C53001D062E /* Sources */,
				20FF78C1281F4C53001D062E /* Frameworks */,
				20FF78C2281F4C53001D062E /* Resources */,
				2037DF9B2828A0D800F43B11 /* Upload dSYM */,
			);
			buildRules = (
			);
			dependencies = (
			);
			name = Yomiage;
			packageProductDependencies = (
				20FF793E281FC321001D062E /* Kanna */,
				204B25F6297BCF1E000DCAF7 /* Async */,
				20D9D12A2AE641C80012D688 /* FirebaseAnalytics */,
				20D9D12C2AE641C80012D688 /* FirebaseAnalyticsSwift */,
				20D9D12E2AE641C80012D688 /* FirebaseAuth */,
				20D9D1302AE641C80012D688 /* FirebaseCrashlytics */,
				20D9D1322AE641C80012D688 /* FirebaseFirestore */,
				20D9D1342AE641C80012D688 /* FirebaseFirestoreSwift */,
				20D9D1362AE641C80012D688 /* FirebaseFunctions */,
			);
			productName = Yomiage;
			productReference = 20FF78C4281F4C53001D062E /* Yomiage.app */;
			productType = "com.apple.product-type.application";
		};
		20FF78D3281F4C54001D062E /* YomiageTests */ = {
			isa = PBXNativeTarget;
			buildConfigurationList = 20FF78EB281F4C54001D062E /* Build configuration list for PBXNativeTarget "YomiageTests" */;
			buildPhases = (
				20FF78D0281F4C54001D062E /* Sources */,
				20FF78D1281F4C54001D062E /* Frameworks */,
				20FF78D2281F4C54001D062E /* Resources */,
			);
			buildRules = (
			);
			dependencies = (
				20FF78D6281F4C54001D062E /* PBXTargetDependency */,
			);
			name = YomiageTests;
			productName = YomiageTests;
			productReference = 20FF78D4281F4C54001D062E /* YomiageTests.xctest */;
			productType = "com.apple.product-type.bundle.unit-test";
		};
		20FF78DD281F4C54001D062E /* YomiageUITests */ = {
			isa = PBXNativeTarget;
			buildConfigurationList = 20FF78EE281F4C54001D062E /* Build configuration list for PBXNativeTarget "YomiageUITests" */;
			buildPhases = (
				20FF78DA281F4C54001D062E /* Sources */,
				20FF78DB281F4C54001D062E /* Frameworks */,
				20FF78DC281F4C54001D062E /* Resources */,
			);
			buildRules = (
			);
			dependencies = (
				20FF78E0281F4C54001D062E /* PBXTargetDependency */,
			);
			name = YomiageUITests;
			productName = YomiageUITests;
			productReference = 20FF78DE281F4C54001D062E /* YomiageUITests.xctest */;
			productType = "com.apple.product-type.bundle.ui-testing";
		};
/* End PBXNativeTarget section */

/* Begin PBXProject section */
		20FF78BC281F4C53001D062E /* Project object */ = {
			isa = PBXProject;
			attributes = {
				BuildIndependentTargetsInParallel = 1;
				LastSwiftUpdateCheck = 1330;
				LastUpgradeCheck = 1330;
				TargetAttributes = {
					20FF78C3281F4C53001D062E = {
						CreatedOnToolsVersion = 13.3;
					};
					20FF78D3281F4C54001D062E = {
						CreatedOnToolsVersion = 13.3;
						TestTargetID = 20FF78C3281F4C53001D062E;
					};
					20FF78DD281F4C54001D062E = {
						CreatedOnToolsVersion = 13.3;
						TestTargetID = 20FF78C3281F4C53001D062E;
					};
				};
			};
			buildConfigurationList = 20FF78BF281F4C53001D062E /* Build configuration list for PBXProject "Yomiage" */;
			compatibilityVersion = "Xcode 13.0";
			developmentRegion = en;
			hasScannedForEncodings = 0;
			knownRegions = (
				en,
				Base,
			);
			mainGroup = 20FF78BB281F4C53001D062E;
			packageReferences = (
				20FF793D281FC321001D062E /* XCRemoteSwiftPackageReference "Kanna" */,
				204B25F5297BCF1E000DCAF7 /* XCRemoteSwiftPackageReference "Async" */,
				20D9D1292AE641C80012D688 /* XCRemoteSwiftPackageReference "firebase-ios-sdk" */,
			);
			productRefGroup = 20FF78C5281F4C53001D062E /* Products */;
			projectDirPath = "";
			projectRoot = "";
			targets = (
				20FF78C3281F4C53001D062E /* Yomiage */,
				20FF78D3281F4C54001D062E /* YomiageTests */,
				20FF78DD281F4C54001D062E /* YomiageUITests */,
			);
		};
/* End PBXProject section */

/* Begin PBXResourcesBuildPhase section */
		20FF78C2281F4C53001D062E /* Resources */ = {
			isa = PBXResourcesBuildPhase;
			buildActionMask = 2147483647;
			files = (
				20FF78CF281F4C53001D062E /* Preview Assets.xcassets in Resources */,
				201C6BD028263D7400195179 /* GoogleService-Info.plist in Resources */,
				20FF78CC281F4C53001D062E /* Assets.xcassets in Resources */,
			);
			runOnlyForDeploymentPostprocessing = 0;
		};
		20FF78D2281F4C54001D062E /* Resources */ = {
			isa = PBXResourcesBuildPhase;
			buildActionMask = 2147483647;
			files = (
			);
			runOnlyForDeploymentPostprocessing = 0;
		};
		20FF78DC281F4C54001D062E /* Resources */ = {
			isa = PBXResourcesBuildPhase;
			buildActionMask = 2147483647;
			files = (
			);
			runOnlyForDeploymentPostprocessing = 0;
		};
/* End PBXResourcesBuildPhase section */

/* Begin PBXShellScriptBuildPhase section */
		2037DF9B2828A0D800F43B11 /* Upload dSYM */ = {
			isa = PBXShellScriptBuildPhase;
			buildActionMask = 2147483647;
			files = (
			);
			inputFileListPaths = (
			);
			inputPaths = (
				"${DWARF_DSYM_FOLDER_PATH}/${DWARF_DSYM_FILE_NAME}/Contents/Resources/DWARF/${TARGET_NAME}",
				"$(SRCROOT)/$(BUILT_PRODUCTS_DIR)/$(INFOPLIST_PATH)",
			);
			name = "Upload dSYM";
			outputFileListPaths = (
			);
			outputPaths = (
			);
			runOnlyForDeploymentPostprocessing = 0;
			shellPath = /bin/sh;
			shellScript = "\"${BUILD_DIR%/Build/*}/SourcePackages/checkouts/firebase-ios-sdk/Crashlytics/run\"\n";
		};
/* End PBXShellScriptBuildPhase section */

/* Begin PBXSourcesBuildPhase section */
		20FF78C0281F4C53001D062E /* Sources */ = {
			isa = PBXSourcesBuildPhase;
			buildActionMask = 2147483647;
			files = (
				20FF78F6281F4D40001D062E /* Article.swift in Sources */,
				204B2607297FDD33000DCAF7 /* PlayButton.swift in Sources */,
				204B2609297FDEC8000DCAF7 /* PauseButton.swift in Sources */,
				2037DF9A2828A07900F43B11 /* Crashlytics+.swift in Sources */,
				20FF7946281FFCE1001D062E /* HUD.swift in Sources */,
				203A88C32823FF3A00B4C12C /* AsyncButton.swift in Sources */,
				20FF795B2821E5B3001D062E /* ArticleWebView.swift in Sources */,
				204B2602297D626E000DCAF7 /* HTMLBodyDownloader.swift in Sources */,
				20E7069728238CEB00DF824F /* NavigationLink.swift in Sources */,
				2037DF9628265C8600F43B11 /* Timeout.swift in Sources */,
				20FF795F28220344001D062E /* UINavigationBar+.swift in Sources */,
				20CE8F9428410A820035D4E3 /* AppPreview.swift in Sources */,
				20FF78CA281F4C53001D062E /* RootView.swift in Sources */,
				20FF794F2820DB28001D062E /* PlayerSettingSheet.swift in Sources */,
				20FF79512820DB75001D062E /* AppStorage+.swift in Sources */,
				20FF795D2821EE88001D062E /* NoteArticle.swift in Sources */,
				20FF7923281F8950001D062E /* Color.swift in Sources */,
				20FF7930281FAF2F001D062E /* AddArticleSheet.swift in Sources */,
				20FF794A282094D0001D062E /* Spacer.swift in Sources */,
				20FF7929281FAB02001D062E /* Sheet.swift in Sources */,
				20FF7944281FF967001D062E /* String+.swift in Sources */,
				204B2600297D5E93000DCAF7 /* DownloadButton.swift in Sources */,
				20FF791C281F868A001D062E /* StreamView.swift in Sources */,
				20CE8F92284102180035D4E3 /* WebView.swift in Sources */,
				20FF78F3281F4C63001D062E /* ArticlesPage.swift in Sources */,
				20FF7938281FB869001D062E /* Auth.swift in Sources */,
				20FF7919281F77CF001D062E /* ArticleDatastore.swift in Sources */,
				20FF7934281FB7EC001D062E /* Screen.swift in Sources */,
				204B260B2980A9BE000DCAF7 /* Error+.swift in Sources */,
				20884DFF28223644008388AE /* MediumArticle.swift in Sources */,
				204B2604297EBA29000DCAF7 /* AVAudioFile+.swift in Sources */,
				20FF7920281F8847001D062E /* Button.swift in Sources */,
				2037DF942826557C00F43B11 /* FirebaseAnalytics+.swift in Sources */,
				20884DFD28223419008388AE /* ArticleRowLayout.swift in Sources */,
				20FF7948281FFF15001D062E /* ErrorAlert.swift in Sources */,
				20EAD3C4282295F100B15D8E /* UISlider+.swift in Sources */,
				20FF78FD281F4F0B001D062E /* AppDelegate.swift in Sources */,
				20FF79532820DCD7001D062E /* Player.swift in Sources */,
				204B25FB297D00CF000DCAF7 /* Synthesizer.swift in Sources */,
				20FF7913281F7686001D062E /* UserDatabase.swift in Sources */,
				20FF7932281FB4CB001D062E /* AddArticleHTMLLoader.swift in Sources */,
				20FF7941281FC369001D062E /* LoadWebView.swift in Sources */,
				20FF791E281F878A001D062E /* UniversalErrorView.swift in Sources */,
				20FF78C8281F4C53001D062E /* YomiageApp.swift in Sources */,
				20FF79562820FEE2001D062E /* MediumSheetLayout.swift in Sources */,
				20CE8F8E2840ED7B0035D4E3 /* AppOtherSettingPage.swift in Sources */,
				2008CF7A28478BC3004F09E5 /* PlayerBar.swift in Sources */,
				20FF792C281FAD25001D062E /* SheetPresentation.swift in Sources */,
			);
			runOnlyForDeploymentPostprocessing = 0;
		};
		20FF78D0281F4C54001D062E /* Sources */ = {
			isa = PBXSourcesBuildPhase;
			buildActionMask = 2147483647;
			files = (
				20FF78D9281F4C54001D062E /* YomiageTests.swift in Sources */,
			);
			runOnlyForDeploymentPostprocessing = 0;
		};
		20FF78DA281F4C54001D062E /* Sources */ = {
			isa = PBXSourcesBuildPhase;
			buildActionMask = 2147483647;
			files = (
				20FF78E5281F4C54001D062E /* YomiageUITestsLaunchTests.swift in Sources */,
				20FF78E3281F4C54001D062E /* YomiageUITests.swift in Sources */,
			);
			runOnlyForDeploymentPostprocessing = 0;
		};
/* End PBXSourcesBuildPhase section */

/* Begin PBXTargetDependency section */
		20FF78D6281F4C54001D062E /* PBXTargetDependency */ = {
			isa = PBXTargetDependency;
			target = 20FF78C3281F4C53001D062E /* Yomiage */;
			targetProxy = 20FF78D5281F4C54001D062E /* PBXContainerItemProxy */;
		};
		20FF78E0281F4C54001D062E /* PBXTargetDependency */ = {
			isa = PBXTargetDependency;
			target = 20FF78C3281F4C53001D062E /* Yomiage */;
			targetProxy = 20FF78DF281F4C54001D062E /* PBXContainerItemProxy */;
		};
/* End PBXTargetDependency section */

/* Begin XCBuildConfiguration section */
		20FF78E6281F4C54001D062E /* Debug */ = {
			isa = XCBuildConfiguration;
			buildSettings = {
				ALWAYS_SEARCH_USER_PATHS = NO;
				CLANG_ANALYZER_NONNULL = YES;
				CLANG_ANALYZER_NUMBER_OBJECT_CONVERSION = YES_AGGRESSIVE;
				CLANG_CXX_LANGUAGE_STANDARD = "gnu++17";
				CLANG_ENABLE_MODULES = YES;
				CLANG_ENABLE_OBJC_ARC = YES;
				CLANG_ENABLE_OBJC_WEAK = YES;
				CLANG_WARN_BLOCK_CAPTURE_AUTORELEASING = YES;
				CLANG_WARN_BOOL_CONVERSION = YES;
				CLANG_WARN_COMMA = YES;
				CLANG_WARN_CONSTANT_CONVERSION = YES;
				CLANG_WARN_DEPRECATED_OBJC_IMPLEMENTATIONS = YES;
				CLANG_WARN_DIRECT_OBJC_ISA_USAGE = YES_ERROR;
				CLANG_WARN_DOCUMENTATION_COMMENTS = YES;
				CLANG_WARN_EMPTY_BODY = YES;
				CLANG_WARN_ENUM_CONVERSION = YES;
				CLANG_WARN_INFINITE_RECURSION = YES;
				CLANG_WARN_INT_CONVERSION = YES;
				CLANG_WARN_NON_LITERAL_NULL_CONVERSION = YES;
				CLANG_WARN_OBJC_IMPLICIT_RETAIN_SELF = YES;
				CLANG_WARN_OBJC_LITERAL_CONVERSION = YES;
				CLANG_WARN_OBJC_ROOT_CLASS = YES_ERROR;
				CLANG_WARN_QUOTED_INCLUDE_IN_FRAMEWORK_HEADER = YES;
				CLANG_WARN_RANGE_LOOP_ANALYSIS = YES;
				CLANG_WARN_STRICT_PROTOTYPES = YES;
				CLANG_WARN_SUSPICIOUS_MOVE = YES;
				CLANG_WARN_UNGUARDED_AVAILABILITY = YES_AGGRESSIVE;
				CLANG_WARN_UNREACHABLE_CODE = YES;
				CLANG_WARN__DUPLICATE_METHOD_MATCH = YES;
				COPY_PHASE_STRIP = NO;
				DEBUG_INFORMATION_FORMAT = dwarf;
				ENABLE_STRICT_OBJC_MSGSEND = YES;
				ENABLE_TESTABILITY = YES;
				GCC_C_LANGUAGE_STANDARD = gnu11;
				GCC_DYNAMIC_NO_PIC = NO;
				GCC_NO_COMMON_BLOCKS = YES;
				GCC_OPTIMIZATION_LEVEL = 0;
				GCC_PREPROCESSOR_DEFINITIONS = (
					"DEBUG=1",
					"$(inherited)",
				);
				GCC_WARN_64_TO_32_BIT_CONVERSION = YES;
				GCC_WARN_ABOUT_RETURN_TYPE = YES_ERROR;
				GCC_WARN_UNDECLARED_SELECTOR = YES;
				GCC_WARN_UNINITIALIZED_AUTOS = YES_AGGRESSIVE;
				GCC_WARN_UNUSED_FUNCTION = YES;
				GCC_WARN_UNUSED_VARIABLE = YES;
				IPHONEOS_DEPLOYMENT_TARGET = 16.1;
				MTL_ENABLE_DEBUG_INFO = INCLUDE_SOURCE;
				MTL_FAST_MATH = YES;
				ONLY_ACTIVE_ARCH = YES;
				SDKROOT = iphoneos;
				SWIFT_ACTIVE_COMPILATION_CONDITIONS = DEBUG;
				SWIFT_OPTIMIZATION_LEVEL = "-Onone";
			};
			name = Debug;
		};
		20FF78E7281F4C54001D062E /* Release */ = {
			isa = XCBuildConfiguration;
			buildSettings = {
				ALWAYS_SEARCH_USER_PATHS = NO;
				CLANG_ANALYZER_NONNULL = YES;
				CLANG_ANALYZER_NUMBER_OBJECT_CONVERSION = YES_AGGRESSIVE;
				CLANG_CXX_LANGUAGE_STANDARD = "gnu++17";
				CLANG_ENABLE_MODULES = YES;
				CLANG_ENABLE_OBJC_ARC = YES;
				CLANG_ENABLE_OBJC_WEAK = YES;
				CLANG_WARN_BLOCK_CAPTURE_AUTORELEASING = YES;
				CLANG_WARN_BOOL_CONVERSION = YES;
				CLANG_WARN_COMMA = YES;
				CLANG_WARN_CONSTANT_CONVERSION = YES;
				CLANG_WARN_DEPRECATED_OBJC_IMPLEMENTATIONS = YES;
				CLANG_WARN_DIRECT_OBJC_ISA_USAGE = YES_ERROR;
				CLANG_WARN_DOCUMENTATION_COMMENTS = YES;
				CLANG_WARN_EMPTY_BODY = YES;
				CLANG_WARN_ENUM_CONVERSION = YES;
				CLANG_WARN_INFINITE_RECURSION = YES;
				CLANG_WARN_INT_CONVERSION = YES;
				CLANG_WARN_NON_LITERAL_NULL_CONVERSION = YES;
				CLANG_WARN_OBJC_IMPLICIT_RETAIN_SELF = YES;
				CLANG_WARN_OBJC_LITERAL_CONVERSION = YES;
				CLANG_WARN_OBJC_ROOT_CLASS = YES_ERROR;
				CLANG_WARN_QUOTED_INCLUDE_IN_FRAMEWORK_HEADER = YES;
				CLANG_WARN_RANGE_LOOP_ANALYSIS = YES;
				CLANG_WARN_STRICT_PROTOTYPES = YES;
				CLANG_WARN_SUSPICIOUS_MOVE = YES;
				CLANG_WARN_UNGUARDED_AVAILABILITY = YES_AGGRESSIVE;
				CLANG_WARN_UNREACHABLE_CODE = YES;
				CLANG_WARN__DUPLICATE_METHOD_MATCH = YES;
				COPY_PHASE_STRIP = NO;
				DEBUG_INFORMATION_FORMAT = "dwarf-with-dsym";
				ENABLE_NS_ASSERTIONS = NO;
				ENABLE_STRICT_OBJC_MSGSEND = YES;
				GCC_C_LANGUAGE_STANDARD = gnu11;
				GCC_NO_COMMON_BLOCKS = YES;
				GCC_WARN_64_TO_32_BIT_CONVERSION = YES;
				GCC_WARN_ABOUT_RETURN_TYPE = YES_ERROR;
				GCC_WARN_UNDECLARED_SELECTOR = YES;
				GCC_WARN_UNINITIALIZED_AUTOS = YES_AGGRESSIVE;
				GCC_WARN_UNUSED_FUNCTION = YES;
				GCC_WARN_UNUSED_VARIABLE = YES;
				IPHONEOS_DEPLOYMENT_TARGET = 16.1;
				MTL_ENABLE_DEBUG_INFO = NO;
				MTL_FAST_MATH = YES;
				SDKROOT = iphoneos;
				SWIFT_COMPILATION_MODE = wholemodule;
				SWIFT_OPTIMIZATION_LEVEL = "-O";
				VALIDATE_PRODUCT = YES;
			};
			name = Release;
		};
		20FF78E9281F4C54001D062E /* Debug */ = {
			isa = XCBuildConfiguration;
			baseConfigurationReference = 201C6BCE2825412300195179 /* Debug.xcconfig */;
			buildSettings = {
				ASSETCATALOG_COMPILER_GLOBAL_ACCENT_COLOR_NAME = AccentColor;
				CODE_SIGN_STYLE = Automatic;
				CURRENT_PROJECT_VERSION = 1;
				DEBUG_INFORMATION_FORMAT = dwarf;
				DEVELOPMENT_ASSET_PATHS = "\"Yomiage/Preview Content\"";
				DEVELOPMENT_TEAM = TQPN82UBBY;
				ENABLE_PREVIEWS = YES;
				GCC_PREPROCESSOR_DEFINITIONS = (
					"DEBUG=1",
					"$(inherited)",
				);
				GENERATE_INFOPLIST_FILE = YES;
				INFOPLIST_FILE = Yomiage/Info.plist;
				INFOPLIST_KEY_CFBundleDisplayName = Yomiage;
				INFOPLIST_KEY_UIApplicationSceneManifest_Generation = YES;
				INFOPLIST_KEY_UIApplicationSupportsIndirectInputEvents = YES;
				INFOPLIST_KEY_UILaunchScreen_Generation = YES;
				INFOPLIST_KEY_UISupportedInterfaceOrientations_iPad = "UIInterfaceOrientationPortrait UIInterfaceOrientationPortraitUpsideDown UIInterfaceOrientationLandscapeLeft UIInterfaceOrientationLandscapeRight";
				INFOPLIST_KEY_UISupportedInterfaceOrientations_iPhone = "UIInterfaceOrientationPortrait UIInterfaceOrientationLandscapeLeft UIInterfaceOrientationLandscapeRight";
				LD_RUNPATH_SEARCH_PATHS = (
					"$(inherited)",
					"@executable_path/Frameworks",
				);
				MARKETING_VERSION = 1.0.7;
				PRODUCT_NAME = "$(TARGET_NAME)";
				SWIFT_ACTIVE_COMPILATION_CONDITIONS = DEBUG;
				SWIFT_EMIT_LOC_STRINGS = YES;
				SWIFT_VERSION = 5.0;
				TARGETED_DEVICE_FAMILY = 1;
			};
			name = Debug;
		};
		20FF78EA281F4C54001D062E /* Release */ = {
			isa = XCBuildConfiguration;
			baseConfigurationReference = 201C6BCD2825411D00195179 /* Release.xcconfig */;
			buildSettings = {
				ASSETCATALOG_COMPILER_GLOBAL_ACCENT_COLOR_NAME = AccentColor;
				CODE_SIGN_STYLE = Automatic;
				CURRENT_PROJECT_VERSION = 1;
				DEVELOPMENT_ASSET_PATHS = "\"Yomiage/Preview Content\"";
				DEVELOPMENT_TEAM = TQPN82UBBY;
				ENABLE_PREVIEWS = YES;
				GENERATE_INFOPLIST_FILE = YES;
				INFOPLIST_FILE = Yomiage/Info.plist;
				INFOPLIST_KEY_CFBundleDisplayName = Yomiage;
				INFOPLIST_KEY_UIApplicationSceneManifest_Generation = YES;
				INFOPLIST_KEY_UIApplicationSupportsIndirectInputEvents = YES;
				INFOPLIST_KEY_UILaunchScreen_Generation = YES;
				INFOPLIST_KEY_UISupportedInterfaceOrientations_iPad = "UIInterfaceOrientationPortrait UIInterfaceOrientationPortraitUpsideDown UIInterfaceOrientationLandscapeLeft UIInterfaceOrientationLandscapeRight";
				INFOPLIST_KEY_UISupportedInterfaceOrientations_iPhone = "UIInterfaceOrientationPortrait UIInterfaceOrientationLandscapeLeft UIInterfaceOrientationLandscapeRight";
				LD_RUNPATH_SEARCH_PATHS = (
					"$(inherited)",
					"@executable_path/Frameworks",
				);
				MARKETING_VERSION = 1.0.7;
				PRODUCT_NAME = "$(TARGET_NAME)";
				SWIFT_EMIT_LOC_STRINGS = YES;
				SWIFT_VERSION = 5.0;
				TARGETED_DEVICE_FAMILY = 1;
			};
			name = Release;
		};
		20FF78EC281F4C54001D062E /* Debug */ = {
			isa = XCBuildConfiguration;
			buildSettings = {
				ALWAYS_EMBED_SWIFT_STANDARD_LIBRARIES = YES;
				BUNDLE_LOADER = "$(TEST_HOST)";
				CODE_SIGN_STYLE = Automatic;
				CURRENT_PROJECT_VERSION = 1;
				DEVELOPMENT_TEAM = TQPN82UBBY;
				GENERATE_INFOPLIST_FILE = YES;
				IPHONEOS_DEPLOYMENT_TARGET = 15.4;
				MARKETING_VERSION = 1.0.5;
				PRODUCT_BUNDLE_IDENTIFIER = com.bannzai.yomiage.YomiageTests;
				PRODUCT_NAME = "$(TARGET_NAME)";
				SWIFT_EMIT_LOC_STRINGS = NO;
				SWIFT_VERSION = 5.0;
				TARGETED_DEVICE_FAMILY = "1,2";
				TEST_HOST = "$(BUILT_PRODUCTS_DIR)/Yomiage.app/Yomiage";
			};
			name = Debug;
		};
		20FF78ED281F4C54001D062E /* Release */ = {
			isa = XCBuildConfiguration;
			buildSettings = {
				ALWAYS_EMBED_SWIFT_STANDARD_LIBRARIES = YES;
				BUNDLE_LOADER = "$(TEST_HOST)";
				CODE_SIGN_STYLE = Automatic;
				CURRENT_PROJECT_VERSION = 1;
				DEVELOPMENT_TEAM = TQPN82UBBY;
				GENERATE_INFOPLIST_FILE = YES;
				IPHONEOS_DEPLOYMENT_TARGET = 15.4;
				MARKETING_VERSION = 1.0.5;
				PRODUCT_BUNDLE_IDENTIFIER = com.bannzai.yomiage.YomiageTests;
				PRODUCT_NAME = "$(TARGET_NAME)";
				SWIFT_EMIT_LOC_STRINGS = NO;
				SWIFT_VERSION = 5.0;
				TARGETED_DEVICE_FAMILY = "1,2";
				TEST_HOST = "$(BUILT_PRODUCTS_DIR)/Yomiage.app/Yomiage";
			};
			name = Release;
		};
		20FF78EF281F4C54001D062E /* Debug */ = {
			isa = XCBuildConfiguration;
			buildSettings = {
				ALWAYS_EMBED_SWIFT_STANDARD_LIBRARIES = YES;
				CODE_SIGN_STYLE = Automatic;
				CURRENT_PROJECT_VERSION = 1;
				DEVELOPMENT_TEAM = TQPN82UBBY;
				GENERATE_INFOPLIST_FILE = YES;
				MARKETING_VERSION = 1.0.5;
				PRODUCT_BUNDLE_IDENTIFIER = com.bannzai.yomiage.YomiageUITests;
				PRODUCT_NAME = "$(TARGET_NAME)";
				SWIFT_EMIT_LOC_STRINGS = NO;
				SWIFT_VERSION = 5.0;
				TARGETED_DEVICE_FAMILY = "1,2";
				TEST_TARGET_NAME = Yomiage;
			};
			name = Debug;
		};
		20FF78F0281F4C54001D062E /* Release */ = {
			isa = XCBuildConfiguration;
			buildSettings = {
				ALWAYS_EMBED_SWIFT_STANDARD_LIBRARIES = YES;
				CODE_SIGN_STYLE = Automatic;
				CURRENT_PROJECT_VERSION = 1;
				DEVELOPMENT_TEAM = TQPN82UBBY;
				GENERATE_INFOPLIST_FILE = YES;
				MARKETING_VERSION = 1.0.5;
				PRODUCT_BUNDLE_IDENTIFIER = com.bannzai.yomiage.YomiageUITests;
				PRODUCT_NAME = "$(TARGET_NAME)";
				SWIFT_EMIT_LOC_STRINGS = NO;
				SWIFT_VERSION = 5.0;
				TARGETED_DEVICE_FAMILY = "1,2";
				TEST_TARGET_NAME = Yomiage;
			};
			name = Release;
		};
/* End XCBuildConfiguration section */

/* Begin XCConfigurationList section */
		20FF78BF281F4C53001D062E /* Build configuration list for PBXProject "Yomiage" */ = {
			isa = XCConfigurationList;
			buildConfigurations = (
				20FF78E6281F4C54001D062E /* Debug */,
				20FF78E7281F4C54001D062E /* Release */,
			);
			defaultConfigurationIsVisible = 0;
			defaultConfigurationName = Release;
		};
		20FF78E8281F4C54001D062E /* Build configuration list for PBXNativeTarget "Yomiage" */ = {
			isa = XCConfigurationList;
			buildConfigurations = (
				20FF78E9281F4C54001D062E /* Debug */,
				20FF78EA281F4C54001D062E /* Release */,
			);
			defaultConfigurationIsVisible = 0;
			defaultConfigurationName = Release;
		};
		20FF78EB281F4C54001D062E /* Build configuration list for PBXNativeTarget "YomiageTests" */ = {
			isa = XCConfigurationList;
			buildConfigurations = (
				20FF78EC281F4C54001D062E /* Debug */,
				20FF78ED281F4C54001D062E /* Release */,
			);
			defaultConfigurationIsVisible = 0;
			defaultConfigurationName = Release;
		};
		20FF78EE281F4C54001D062E /* Build configuration list for PBXNativeTarget "YomiageUITests" */ = {
			isa = XCConfigurationList;
			buildConfigurations = (
				20FF78EF281F4C54001D062E /* Debug */,
				20FF78F0281F4C54001D062E /* Release */,
			);
			defaultConfigurationIsVisible = 0;
			defaultConfigurationName = Release;
		};
/* End XCConfigurationList section */

/* Begin XCRemoteSwiftPackageReference section */
		204B25F5297BCF1E000DCAF7 /* XCRemoteSwiftPackageReference "Async" */ = {
			isa = XCRemoteSwiftPackageReference;
			repositoryURL = "https://github.com/bannzai/Async";
			requirement = {
				kind = upToNextMajorVersion;
				minimumVersion = 0.0.1;
			};
		};
		20D9D1292AE641C80012D688 /* XCRemoteSwiftPackageReference "firebase-ios-sdk" */ = {
			isa = XCRemoteSwiftPackageReference;
			repositoryURL = "https://github.com/firebase/firebase-ios-sdk";
			requirement = {
				kind = upToNextMajorVersion;
				minimumVersion = 10.16.0;
			};
		};
		20FF793D281FC321001D062E /* XCRemoteSwiftPackageReference "Kanna" */ = {
			isa = XCRemoteSwiftPackageReference;
			repositoryURL = "https://github.com/tid-kijyun/Kanna";
			requirement = {
				kind = upToNextMinorVersion;
				minimumVersion = 5.2.0;
			};
		};
/* End XCRemoteSwiftPackageReference section */

/* Begin XCSwiftPackageProductDependency section */
		204B25F6297BCF1E000DCAF7 /* Async */ = {
			isa = XCSwiftPackageProductDependency;
			package = 204B25F5297BCF1E000DCAF7 /* XCRemoteSwiftPackageReference "Async" */;
			productName = Async;
		};
		20D9D12A2AE641C80012D688 /* FirebaseAnalytics */ = {
			isa = XCSwiftPackageProductDependency;
			package = 20D9D1292AE641C80012D688 /* XCRemoteSwiftPackageReference "firebase-ios-sdk" */;
			productName = FirebaseAnalytics;
		};
		20D9D12C2AE641C80012D688 /* FirebaseAnalyticsSwift */ = {
			isa = XCSwiftPackageProductDependency;
			package = 20D9D1292AE641C80012D688 /* XCRemoteSwiftPackageReference "firebase-ios-sdk" */;
			productName = FirebaseAnalyticsSwift;
		};
		20D9D12E2AE641C80012D688 /* FirebaseAuth */ = {
			isa = XCSwiftPackageProductDependency;
			package = 20D9D1292AE641C80012D688 /* XCRemoteSwiftPackageReference "firebase-ios-sdk" */;
			productName = FirebaseAuth;
		};
		20D9D1302AE641C80012D688 /* FirebaseCrashlytics */ = {
			isa = XCSwiftPackageProductDependency;
			package = 20D9D1292AE641C80012D688 /* XCRemoteSwiftPackageReference "firebase-ios-sdk" */;
			productName = FirebaseCrashlytics;
		};
		20D9D1322AE641C80012D688 /* FirebaseFirestore */ = {
			isa = XCSwiftPackageProductDependency;
			package = 20D9D1292AE641C80012D688 /* XCRemoteSwiftPackageReference "firebase-ios-sdk" */;
			productName = FirebaseFirestore;
		};
		20D9D1342AE641C80012D688 /* FirebaseFirestoreSwift */ = {
			isa = XCSwiftPackageProductDependency;
			package = 20D9D1292AE641C80012D688 /* XCRemoteSwiftPackageReference "firebase-ios-sdk" */;
			productName = FirebaseFirestoreSwift;
		};
		20D9D1362AE641C80012D688 /* FirebaseFunctions */ = {
			isa = XCSwiftPackageProductDependency;
			package = 20D9D1292AE641C80012D688 /* XCRemoteSwiftPackageReference "firebase-ios-sdk" */;
			productName = FirebaseFunctions;
		};
		20FF793E281FC321001D062E /* Kanna */ = {
			isa = XCSwiftPackageProductDependency;
			package = 20FF793D281FC321001D062E /* XCRemoteSwiftPackageReference "Kanna" */;
			productName = Kanna;
		};
/* End XCSwiftPackageProductDependency section */
	};
	rootObject = 20FF78BC281F4C53001D062E /* Project object */;
}
